
Microsoft Visual Studio Solution File, Format Version 12.00
# Visual Studio Version 17
VisualStudioVersion = 17.3.32929.385
MinimumVisualStudioVersion = 10.0.40219.1
Project("{FAE04EC0-301F-11D3-BF4B-00C04F79EFBC}") = "HASTANE_OTOMASYONU", "HASTANE_OTOMASYONU\HASTANE_OTOMASYONU.csproj", "{EC001DA2-8601-41FE-8186-2B3D1F0302EF}"
EndProject
Global
	GlobalSection(SolutionConfigurationPlatforms) = preSolution
		Debug|Any CPU = Debug|Any CPU
		Release|Any CPU = Release|Any CPU
	EndGlobalSection
	GlobalSection(ProjectConfigurationPlatforms) = postSolution
		{EC001DA2-8601-41FE-8186-2B3D1F0302EF}.Debug|Any CPU.ActiveCfg = Debug|Any CPU
		{EC001DA2-8601-41FE-8186-2B3D1F0302EF}.Debug|Any CPU.Build.0 = Debug|Any CPU
		{EC001DA2-8601-41FE-8186-2B3D1F0302EF}.Release|Any CPU.ActiveCfg = Release|Any CPU
		{EC001DA2-8601-41FE-8186-2B3D1F0302EF}.Release|Any CPU.Build.0 = Release|Any CPU
	EndGlobalSection
	GlobalSection(SolutionProperties) = preSolution
		HideSolutionNode = FALSE
	EndGlobalSection
	GlobalSection(ExtensibilityGlobals) = postSolution
		SolutionGuid = {A35F9806-5DC9-44B4-A7D5-7D04E5C1988E}
	EndGlobalSection
EndGlobal
